// !$*UTF8*$!
{
	archiveVersion = 1;
	classes = {
	};
	objectVersion = 50;
	objects = {

/* Begin PBXBuildFile section */
		9A1D0634B68A9C0FE052EBFE /* Pods_App101.framework in Frameworks */ = {isa = PBXBuildFile; fileRef = D84430345DED6694AF8073B5 /* Pods_App101.framework */; };
		D01520A523D865EE005DA9FE /* MovieCell.swift in Sources */ = {isa = PBXBuildFile; fileRef = D01520A423D865EE005DA9FE /* MovieCell.swift */; };
		D01520A723D9CB6B005DA9FE /* StructsandClasses.swift in Sources */ = {isa = PBXBuildFile; fileRef = D01520A623D9CB6B005DA9FE /* StructsandClasses.swift */; };
		D01520A923DCA3F5005DA9FE /* PostCell.swift in Sources */ = {isa = PBXBuildFile; fileRef = D01520A823DCA3F5005DA9FE /* PostCell.swift */; };
		D0565AA823D710BA00332DC5 /* AppDelegate.swift in Sources */ = {isa = PBXBuildFile; fileRef = D0565AA723D710BA00332DC5 /* AppDelegate.swift */; };
		D0565AAA23D710BA00332DC5 /* SceneDelegate.swift in Sources */ = {isa = PBXBuildFile; fileRef = D0565AA923D710BA00332DC5 /* SceneDelegate.swift */; };
		D0565AB123D710BC00332DC5 /* Assets.xcassets in Resources */ = {isa = PBXBuildFile; fileRef = D0565AB023D710BC00332DC5 /* Assets.xcassets */; };
		D0565AB423D710BC00332DC5 /* LaunchScreen.storyboard in Resources */ = {isa = PBXBuildFile; fileRef = D0565AB223D710BC00332DC5 /* LaunchScreen.storyboard */; };
		D0565ABC23D7125700332DC5 /* DiscoverViewController.swift in Sources */ = {isa = PBXBuildFile; fileRef = D0565ABB23D7125700332DC5 /* DiscoverViewController.swift */; };
		D0565ABE23D7126700332DC5 /* MoviesViewController.swift in Sources */ = {isa = PBXBuildFile; fileRef = D0565ABD23D7126700332DC5 /* MoviesViewController.swift */; };
		D0565AC023D721B100332DC5 /* TabBarController.swift in Sources */ = {isa = PBXBuildFile; fileRef = D0565ABF23D721B100332DC5 /* TabBarController.swift */; };
		D0565AC223D72F6900332DC5 /* viewControllerExtension.swift in Sources */ = {isa = PBXBuildFile; fileRef = D0565AC123D72F6900332DC5 /* viewControllerExtension.swift */; };
		D0A06E2423DDE42800114A95 /* MoviesViewControllerExtension.swift in Sources */ = {isa = PBXBuildFile; fileRef = D0A06E2323DDE42800114A95 /* MoviesViewControllerExtension.swift */; };
		D0A06E2623DDE49200114A95 /* DiscoverViewControllerExtension.swift in Sources */ = {isa = PBXBuildFile; fileRef = D0A06E2523DDE49200114A95 /* DiscoverViewControllerExtension.swift */; };
/* End PBXBuildFile section */

/* Begin PBXFileReference section */
		D01520A423D865EE005DA9FE /* MovieCell.swift */ = {isa = PBXFileReference; lastKnownFileType = sourcecode.swift; path = MovieCell.swift; sourceTree = "<group>"; };
		D01520A623D9CB6B005DA9FE /* StructsandClasses.swift */ = {isa = PBXFileReference; lastKnownFileType = sourcecode.swift; path = StructsandClasses.swift; sourceTree = "<group>"; };
		D01520A823DCA3F5005DA9FE /* PostCell.swift */ = {isa = PBXFileReference; lastKnownFileType = sourcecode.swift; path = PostCell.swift; sourceTree = "<group>"; };
		D0565AA423D710BA00332DC5 /* App101.app */ = {isa = PBXFileReference; explicitFileType = wrapper.application; includeInIndex = 0; path = App101.app; sourceTree = BUILT_PRODUCTS_DIR; };
		D0565AA723D710BA00332DC5 /* AppDelegate.swift */ = {isa = PBXFileReference; lastKnownFileType = sourcecode.swift; path = AppDelegate.swift; sourceTree = "<group>"; };
		D0565AA923D710BA00332DC5 /* SceneDelegate.swift */ = {isa = PBXFileReference; lastKnownFileType = sourcecode.swift; path = SceneDelegate.swift; sourceTree = "<group>"; };
		D0565AB023D710BC00332DC5 /* Assets.xcassets */ = {isa = PBXFileReference; lastKnownFileType = folder.assetcatalog; path = Assets.xcassets; sourceTree = "<group>"; };
		D0565AB323D710BC00332DC5 /* Base */ = {isa = PBXFileReference; lastKnownFileType = file.storyboard; name = Base; path = Base.lproj/LaunchScreen.storyboard; sourceTree = "<group>"; };
		D0565AB523D710BC00332DC5 /* Info.plist */ = {isa = PBXFileReference; lastKnownFileType = text.plist.xml; path = Info.plist; sourceTree = "<group>"; };
		D0565ABB23D7125700332DC5 /* DiscoverViewController.swift */ = {isa = PBXFileReference; lastKnownFileType = sourcecode.swift; path = DiscoverViewController.swift; sourceTree = "<group>"; };
		D0565ABD23D7126700332DC5 /* MoviesViewController.swift */ = {isa = PBXFileReference; lastKnownFileType = sourcecode.swift; path = MoviesViewController.swift; sourceTree = "<group>"; };
		D0565ABF23D721B100332DC5 /* TabBarController.swift */ = {isa = PBXFileReference; lastKnownFileType = sourcecode.swift; path = TabBarController.swift; sourceTree = "<group>"; };
		D0565AC123D72F6900332DC5 /* viewControllerExtension.swift */ = {isa = PBXFileReference; lastKnownFileType = sourcecode.swift; path = viewControllerExtension.swift; sourceTree = "<group>"; };
		D0A06E2323DDE42800114A95 /* MoviesViewControllerExtension.swift */ = {isa = PBXFileReference; lastKnownFileType = sourcecode.swift; path = MoviesViewControllerExtension.swift; sourceTree = "<group>"; };
		D0A06E2523DDE49200114A95 /* DiscoverViewControllerExtension.swift */ = {isa = PBXFileReference; lastKnownFileType = sourcecode.swift; path = DiscoverViewControllerExtension.swift; sourceTree = "<group>"; };
		D84430345DED6694AF8073B5 /* Pods_App101.framework */ = {isa = PBXFileReference; explicitFileType = wrapper.framework; includeInIndex = 0; path = Pods_App101.framework; sourceTree = BUILT_PRODUCTS_DIR; };
		E70D914BF71F8A04ABCB1D49 /* Pods-App101.debug.xcconfig */ = {isa = PBXFileReference; includeInIndex = 1; lastKnownFileType = text.xcconfig; name = "Pods-App101.debug.xcconfig"; path = "Target Support Files/Pods-App101/Pods-App101.debug.xcconfig"; sourceTree = "<group>"; };
		F6FF735B6EDEC7B2A2879349 /* Pods-App101.release.xcconfig */ = {isa = PBXFileReference; includeInIndex = 1; lastKnownFileType = text.xcconfig; name = "Pods-App101.release.xcconfig"; path = "Target Support Files/Pods-App101/Pods-App101.release.xcconfig"; sourceTree = "<group>"; };
/* End PBXFileReference section */

/* Begin PBXFrameworksBuildPhase section */
		D0565AA123D710BA00332DC5 /* Frameworks */ = {
			isa = PBXFrameworksBuildPhase;
			buildActionMask = 2147483647;
			files = (
				9A1D0634B68A9C0FE052EBFE /* Pods_App101.framework in Frameworks */,
			);
			runOnlyForDeploymentPostprocessing = 0;
		};
/* End PBXFrameworksBuildPhase section */

/* Begin PBXGroup section */
		6FF660632057881C967FA361 /* Pods */ = {
			isa = PBXGroup;
			children = (
				E70D914BF71F8A04ABCB1D49 /* Pods-App101.debug.xcconfig */,
				F6FF735B6EDEC7B2A2879349 /* Pods-App101.release.xcconfig */,
			);
			path = Pods;
			sourceTree = "<group>";
		};
		D0565A9B23D710BA00332DC5 = {
			isa = PBXGroup;
			children = (
				D0565AA623D710BA00332DC5 /* App101 */,
				D0565AA523D710BA00332DC5 /* Products */,
				6FF660632057881C967FA361 /* Pods */,
				F598F756C708BC678788A088 /* Frameworks */,
			);
			sourceTree = "<group>";
		};
		D0565AA523D710BA00332DC5 /* Products */ = {
			isa = PBXGroup;
			children = (
				D0565AA423D710BA00332DC5 /* App101.app */,
			);
			name = Products;
			sourceTree = "<group>";
		};
		D0565AA623D710BA00332DC5 /* App101 */ = {
			isa = PBXGroup;
			children = (
				D0565AA723D710BA00332DC5 /* AppDelegate.swift */,
				D0565AA923D710BA00332DC5 /* SceneDelegate.swift */,
				D0565AB023D710BC00332DC5 /* Assets.xcassets */,
				D0565AB223D710BC00332DC5 /* LaunchScreen.storyboard */,
				D0565AB523D710BC00332DC5 /* Info.plist */,
				D0565ABF23D721B100332DC5 /* TabBarController.swift */,
				D0565ABD23D7126700332DC5 /* MoviesViewController.swift */,
				D0565ABB23D7125700332DC5 /* DiscoverViewController.swift */,
				D0A06E2723DDE4B900114A95 /* Extensions */,
				D0A06E2123DDE36200114A95 /* Custom Cells */,
				D0A06E2223DDE3D400114A95 /* Helper Files */,
			);
			path = App101;
			sourceTree = "<group>";
		};
		D0A06E2123DDE36200114A95 /* Custom Cells */ = {
			isa = PBXGroup;
			children = (
				D01520A423D865EE005DA9FE /* MovieCell.swift */,
				D01520A823DCA3F5005DA9FE /* PostCell.swift */,
			);
			path = "Custom Cells";
			sourceTree = "<group>";
		};
		D0A06E2223DDE3D400114A95 /* Helper Files */ = {
			isa = PBXGroup;
			children = (
				D01520A623D9CB6B005DA9FE /* StructsandClasses.swift */,
			);
			path = "Helper Files";
			sourceTree = "<group>";
		};
		D0A06E2723DDE4B900114A95 /* Extensions */ = {
			isa = PBXGroup;
			children = (
				D0565AC123D72F6900332DC5 /* viewControllerExtension.swift */,
				D0A06E2323DDE42800114A95 /* MoviesViewControllerExtension.swift */,
				D0A06E2523DDE49200114A95 /* DiscoverViewControllerExtension.swift */,
			);
			path = Extensions;
			sourceTree = "<group>";
		};
		F598F756C708BC678788A088 /* Frameworks */ = {
			isa = PBXGroup;
			children = (
				D84430345DED6694AF8073B5 /* Pods_App101.framework */,
			);
			name = Frameworks;
			sourceTree = "<group>";
		};
/* End PBXGroup section */

/* Begin PBXNativeTarget section */
		D0565AA323D710BA00332DC5 /* App101 */ = {
			isa = PBXNativeTarget;
			buildConfigurationList = D0565AB823D710BC00332DC5 /* Build configuration list for PBXNativeTarget "App101" */;
			buildPhases = (
				D0A06E2023DCF24600114A95 /* ShellScript */,
				9938EA4251AA6200069A688C /* [CP] Check Pods Manifest.lock */,
				D0565AA023D710BA00332DC5 /* Sources */,
				D0565AA123D710BA00332DC5 /* Frameworks */,
				D0565AA223D710BA00332DC5 /* Resources */,
			);
			buildRules = (
			);
			dependencies = (
			);
			name = App101;
			productName = App101;
			productReference = D0565AA423D710BA00332DC5 /* App101.app */;
			productType = "com.apple.product-type.application";
		};
/* End PBXNativeTarget section */

/* Begin PBXProject section */
		D0565A9C23D710BA00332DC5 /* Project object */ = {
			isa = PBXProject;
			attributes = {
				LastSwiftUpdateCheck = 1130;
				LastUpgradeCheck = 1130;
				ORGANIZATIONNAME = "Mert Tuzer";
				TargetAttributes = {
					D0565AA323D710BA00332DC5 = {
						CreatedOnToolsVersion = 11.3.1;
					};
				};
			};
			buildConfigurationList = D0565A9F23D710BA00332DC5 /* Build configuration list for PBXProject "App101" */;
			compatibilityVersion = "Xcode 9.3";
			developmentRegion = en;
			hasScannedForEncodings = 0;
			knownRegions = (
				en,
				Base,
			);
			mainGroup = D0565A9B23D710BA00332DC5;
			productRefGroup = D0565AA523D710BA00332DC5 /* Products */;
			projectDirPath = "";
			projectRoot = "";
			targets = (
				D0565AA323D710BA00332DC5 /* App101 */,
			);
		};
/* End PBXProject section */

/* Begin PBXResourcesBuildPhase section */
		D0565AA223D710BA00332DC5 /* Resources */ = {
			isa = PBXResourcesBuildPhase;
			buildActionMask = 2147483647;
			files = (
				D0565AB423D710BC00332DC5 /* LaunchScreen.storyboard in Resources */,
				D0565AB123D710BC00332DC5 /* Assets.xcassets in Resources */,
			);
			runOnlyForDeploymentPostprocessing = 0;
		};
/* End PBXResourcesBuildPhase section */

/* Begin PBXShellScriptBuildPhase section */
		9938EA4251AA6200069A688C /* [CP] Check Pods Manifest.lock */ = {
			isa = PBXShellScriptBuildPhase;
			buildActionMask = 2147483647;
			files = (
			);
			inputFileListPaths = (
			);
			inputPaths = (
				"${PODS_PODFILE_DIR_PATH}/Podfile.lock",
				"${PODS_ROOT}/Manifest.lock",
			);
			name = "[CP] Check Pods Manifest.lock";
			outputFileListPaths = (
			);
			outputPaths = (
				"$(DERIVED_FILE_DIR)/Pods-App101-checkManifestLockResult.txt",
			);
			runOnlyForDeploymentPostprocessing = 0;
			shellPath = /bin/sh;
			shellScript = "diff \"${PODS_PODFILE_DIR_PATH}/Podfile.lock\" \"${PODS_ROOT}/Manifest.lock\" > /dev/null\nif [ $? != 0 ] ; then\n    # print error to STDERR\n    echo \"error: The sandbox is not in sync with the Podfile.lock. Run 'pod install' or update your CocoaPods installation.\" >&2\n    exit 1\nfi\n# This output is used by Xcode 'outputs' to avoid re-running this script phase.\necho \"SUCCESS\" > \"${SCRIPT_OUTPUT_FILE_0}\"\n";
			showEnvVarsInLog = 0;
		};
		D0A06E2023DCF24600114A95 /* ShellScript */ = {
			isa = PBXShellScriptBuildPhase;
			buildActionMask = 2147483647;
			files = (
			);
			inputFileListPaths = (
			);
			inputPaths = (
			);
			outputFileListPaths = (
			);
			outputPaths = (
			);
			runOnlyForDeploymentPostprocessing = 0;
			shellPath = /bin/sh;
			shellScript = "\"${PODS_ROOT}/SwiftLint/swiftlint\"\n";
		};
/* End PBXShellScriptBuildPhase section */

/* Begin PBXSourcesBuildPhase section */
		D0565AA023D710BA00332DC5 /* Sources */ = {
			isa = PBXSourcesBuildPhase;
			buildActionMask = 2147483647;
			files = (
				D0565ABE23D7126700332DC5 /* MoviesViewController.swift in Sources */,
				D01520A723D9CB6B005DA9FE /* StructsandClasses.swift in Sources */,
				D01520A523D865EE005DA9FE /* MovieCell.swift in Sources */,
				D0565ABC23D7125700332DC5 /* DiscoverViewController.swift in Sources */,
				D0565AC223D72F6900332DC5 /* viewControllerExtension.swift in Sources */,
				D01520A923DCA3F5005DA9FE /* PostCell.swift in Sources */,
				D0565AC023D721B100332DC5 /* TabBarController.swift in Sources */,
				D0565AA823D710BA00332DC5 /* AppDelegate.swift in Sources */,
				D0A06E2623DDE49200114A95 /* DiscoverViewControllerExtension.swift in Sources */,
				D0565AAA23D710BA00332DC5 /* SceneDelegate.swift in Sources */,
				D0A06E2423DDE42800114A95 /* MoviesViewControllerExtension.swift in Sources */,
			);
			runOnlyForDeploymentPostprocessing = 0;
		};
/* End PBXSourcesBuildPhase section */

/* Begin PBXVariantGroup section */
		D0565AB223D710BC00332DC5 /* LaunchScreen.storyboard */ = {
			isa = PBXVariantGroup;
			children = (
				D0565AB323D710BC00332DC5 /* Base */,
			);
			name = LaunchScreen.storyboard;
			sourceTree = "<group>";
		};
/* End PBXVariantGroup section */

/* Begin XCBuildConfiguration section */
		D0565AB623D710BC00332DC5 /* Debug */ = {
			isa = XCBuildConfiguration;
			buildSettings = {
				ALWAYS_SEARCH_USER_PATHS = NO;
				CLANG_ANALYZER_NONNULL = YES;
				CLANG_ANALYZER_NUMBER_OBJECT_CONVERSION = YES_AGGRESSIVE;
				CLANG_CXX_LANGUAGE_STANDARD = "gnu++14";
				CLANG_CXX_LIBRARY = "libc++";
				CLANG_ENABLE_MODULES = YES;
				CLANG_ENABLE_OBJC_ARC = YES;
				CLANG_ENABLE_OBJC_WEAK = YES;
				CLANG_WARN_BLOCK_CAPTURE_AUTORELEASING = YES;
				CLANG_WARN_BOOL_CONVERSION = YES;
				CLANG_WARN_COMMA = YES;
				CLANG_WARN_CONSTANT_CONVERSION = YES;
				CLANG_WARN_DEPRECATED_OBJC_IMPLEMENTATIONS = YES;
				CLANG_WARN_DIRECT_OBJC_ISA_USAGE = YES_ERROR;
				CLANG_WARN_DOCUMENTATION_COMMENTS = YES;
				CLANG_WARN_EMPTY_BODY = YES;
				CLANG_WARN_ENUM_CONVERSION = YES;
				CLANG_WARN_INFINITE_RECURSION = YES;
				CLANG_WARN_INT_CONVERSION = YES;
				CLANG_WARN_NON_LITERAL_NULL_CONVERSION = YES;
				CLANG_WARN_OBJC_IMPLICIT_RETAIN_SELF = YES;
				CLANG_WARN_OBJC_LITERAL_CONVERSION = YES;
				CLANG_WARN_OBJC_ROOT_CLASS = YES_ERROR;
				CLANG_WARN_RANGE_LOOP_ANALYSIS = YES;
				CLANG_WARN_STRICT_PROTOTYPES = YES;
				CLANG_WARN_SUSPICIOUS_MOVE = YES;
				CLANG_WARN_UNGUARDED_AVAILABILITY = YES_AGGRESSIVE;
				CLANG_WARN_UNREACHABLE_CODE = YES;
				CLANG_WARN__DUPLICATE_METHOD_MATCH = YES;
				COPY_PHASE_STRIP = NO;
				DEBUG_INFORMATION_FORMAT = dwarf;
				ENABLE_STRICT_OBJC_MSGSEND = YES;
				ENABLE_TESTABILITY = YES;
				GCC_C_LANGUAGE_STANDARD = gnu11;
				GCC_DYNAMIC_NO_PIC = NO;
				GCC_NO_COMMON_BLOCKS = YES;
				GCC_OPTIMIZATION_LEVEL = 0;
				GCC_PREPROCESSOR_DEFINITIONS = (
					"DEBUG=1",
					"$(inherited)",
				);
				GCC_WARN_64_TO_32_BIT_CONVERSION = YES;
				GCC_WARN_ABOUT_RETURN_TYPE = YES_ERROR;
				GCC_WARN_UNDECLARED_SELECTOR = YES;
				GCC_WARN_UNINITIALIZED_AUTOS = YES_AGGRESSIVE;
				GCC_WARN_UNUSED_FUNCTION = YES;
				GCC_WARN_UNUSED_VARIABLE = YES;
				IPHONEOS_DEPLOYMENT_TARGET = 11.0;
				MTL_ENABLE_DEBUG_INFO = INCLUDE_SOURCE;
				MTL_FAST_MATH = YES;
				ONLY_ACTIVE_ARCH = YES;
				SDKROOT = iphoneos;
				SWIFT_ACTIVE_COMPILATION_CONDITIONS = DEBUG;
				SWIFT_OPTIMIZATION_LEVEL = "-Onone";
			};
			name = Debug;
		};
		D0565AB723D710BC00332DC5 /* Release */ = {
			isa = XCBuildConfiguration;
			buildSettings = {
				ALWAYS_SEARCH_USER_PATHS = NO;
				CLANG_ANALYZER_NONNULL = YES;
				CLANG_ANALYZER_NUMBER_OBJECT_CONVERSION = YES_AGGRESSIVE;
				CLANG_CXX_LANGUAGE_STANDARD = "gnu++14";
				CLANG_CXX_LIBRARY = "libc++";
				CLANG_ENABLE_MODULES = YES;
				CLANG_ENABLE_OBJC_ARC = YES;
				CLANG_ENABLE_OBJC_WEAK = YES;
				CLANG_WARN_BLOCK_CAPTURE_AUTORELEASING = YES;
				CLANG_WARN_BOOL_CONVERSION = YES;
				CLANG_WARN_COMMA = YES;
				CLANG_WARN_CONSTANT_CONVERSION = YES;
				CLANG_WARN_DEPRECATED_OBJC_IMPLEMENTATIONS = YES;
				CLANG_WARN_DIRECT_OBJC_ISA_USAGE = YES_ERROR;
				CLANG_WARN_DOCUMENTATION_COMMENTS = YES;
				CLANG_WARN_EMPTY_BODY = YES;
				CLANG_WARN_ENUM_CONVERSION = YES;
				CLANG_WARN_INFINITE_RECURSION = YES;
				CLANG_WARN_INT_CONVERSION = YES;
				CLANG_WARN_NON_LITERAL_NULL_CONVERSION = YES;
				CLANG_WARN_OBJC_IMPLICIT_RETAIN_SELF = YES;
				CLANG_WARN_OBJC_LITERAL_CONVERSION = YES;
				CLANG_WARN_OBJC_ROOT_CLASS = YES_ERROR;
				CLANG_WARN_RANGE_LOOP_ANALYSIS = YES;
				CLANG_WARN_STRICT_PROTOTYPES = YES;
				CLANG_WARN_SUSPICIOUS_MOVE = YES;
				CLANG_WARN_UNGUARDED_AVAILABILITY = YES_AGGRESSIVE;
				CLANG_WARN_UNREACHABLE_CODE = YES;
				CLANG_WARN__DUPLICATE_METHOD_MATCH = YES;
				COPY_PHASE_STRIP = NO;
				DEBUG_INFORMATION_FORMAT = "dwarf-with-dsym";
				ENABLE_NS_ASSERTIONS = NO;
				ENABLE_STRICT_OBJC_MSGSEND = YES;
				GCC_C_LANGUAGE_STANDARD = gnu11;
				GCC_NO_COMMON_BLOCKS = YES;
				GCC_WARN_64_TO_32_BIT_CONVERSION = YES;
				GCC_WARN_ABOUT_RETURN_TYPE = YES_ERROR;
				GCC_WARN_UNDECLARED_SELECTOR = YES;
				GCC_WARN_UNINITIALIZED_AUTOS = YES_AGGRESSIVE;
				GCC_WARN_UNUSED_FUNCTION = YES;
				GCC_WARN_UNUSED_VARIABLE = YES;
				IPHONEOS_DEPLOYMENT_TARGET = 11.0;
				MTL_ENABLE_DEBUG_INFO = NO;
				MTL_FAST_MATH = YES;
				SDKROOT = iphoneos;
				SWIFT_COMPILATION_MODE = wholemodule;
				SWIFT_OPTIMIZATION_LEVEL = "-O";
				VALIDATE_PRODUCT = YES;
			};
			name = Release;
		};
		D0565AB923D710BC00332DC5 /* Debug */ = {
			isa = XCBuildConfiguration;
			baseConfigurationReference = E70D914BF71F8A04ABCB1D49 /* Pods-App101.debug.xcconfig */;
			buildSettings = {
				ASSETCATALOG_COMPILER_APPICON_NAME = AppIcon;
				CODE_SIGN_STYLE = Automatic;
				DEVELOPMENT_TEAM = 523H27NG65;
				INFOPLIST_FILE = App101/Info.plist;
				IPHONEOS_DEPLOYMENT_TARGET = 11.0;
				LD_RUNPATH_SEARCH_PATHS = (
					"$(inherited)",
					"@executable_path/Frameworks",
				);
				PRODUCT_BUNDLE_IDENTIFIER = com.miniLabs.App101;
				PRODUCT_NAME = "$(TARGET_NAME)";
				SWIFT_VERSION = 5.0;
				TARGETED_DEVICE_FAMILY = "1,2";
			};
			name = Debug;
		};
		D0565ABA23D710BC00332DC5 /* Release */ = {
			isa = XCBuildConfiguration;
			baseConfigurationReference = F6FF735B6EDEC7B2A2879349 /* Pods-App101.release.xcconfig */;
			buildSettings = {
				ASSETCATALOG_COMPILER_APPICON_NAME = AppIcon;
				CODE_SIGN_STYLE = Automatic;
				DEVELOPMENT_TEAM = 523H27NG65;
				INFOPLIST_FILE = App101/Info.plist;
				IPHONEOS_DEPLOYMENT_TARGET = 11.0;
				LD_RUNPATH_SEARCH_PATHS = (
					"$(inherited)",
					"@executable_path/Frameworks",
				);
				PRODUCT_BUNDLE_IDENTIFIER = com.miniLabs.App101;
				PRODUCT_NAME = "$(TARGET_NAME)";
				SWIFT_VERSION = 5.0;
				TARGETED_DEVICE_FAMILY = "1,2";
			};
			name = Release;
		};
/* End XCBuildConfiguration section */

/* Begin XCConfigurationList section */
		D0565A9F23D710BA00332DC5 /* Build configuration list for PBXProject "App101" */ = {
			isa = XCConfigurationList;
			buildConfigurations = (
				D0565AB623D710BC00332DC5 /* Debug */,
				D0565AB723D710BC00332DC5 /* Release */,
			);
			defaultConfigurationIsVisible = 0;
			defaultConfigurationName = Release;
		};
		D0565AB823D710BC00332DC5 /* Build configuration list for PBXNativeTarget "App101" */ = {
			isa = XCConfigurationList;
			buildConfigurations = (
				D0565AB923D710BC00332DC5 /* Debug */,
				D0565ABA23D710BC00332DC5 /* Release */,
			);
			defaultConfigurationIsVisible = 0;
			defaultConfigurationName = Release;
		};
/* End XCConfigurationList section */
	};
	rootObject = D0565A9C23D710BA00332DC5 /* Project object */;
}
